{
  "version": 4,
  "terraform_version": "1.5.5",
  "serial": 41,
  "lineage": "957b5880-31ae-41b7-e118-f919456c8ba1",
  "outputs": {},
  "resources": [
    {
      "mode": "managed",
      "type": "azurerm_backup_policy_vm",
      "name": "backuppolicy1",
      "provider": "provider[\"registry.terraform.io/hashicorp/azurerm\"]",
      "instances": [
        {
          "schema_version": 0,
          "attributes": {
            "backup": [
              {
                "frequency": "Daily",
                "hour_duration": 0,
                "hour_interval": 0,
                "time": "23:00",
                "weekdays": []
              }
            ],
            "id": "/subscriptions/cc865f52-45a8-4147-ae03-a8955a299490/resourceGroups/rg-eus2/providers/Microsoft.RecoveryServices/vaults/rsv-eus2/backupPolicies/bup-eus2-01",
            "instant_restore_resource_group": [],
            "instant_restore_retention_days": 2,
            "name": "bup-eus2-01",
            "policy_type": "V1",
            "recovery_vault_name": "rsv-eus2",
            "resource_group_name": "rg-eus2",
            "retention_daily": [
              {
                "count": 30
              }
            ],
            "retention_monthly": [],
            "retention_weekly": [],
            "retention_yearly": [],
            "timeouts": null,
            "timezone": "UTC"
          },
          "sensitive_attributes": [],
          "private": "eyJlMmJmYjczMC1lY2FhLTExZTYtOGY4OC0zNDM2M2JjN2M0YzAiOnsiY3JlYXRlIjoxODAwMDAwMDAwMDAwLCJkZWxldGUiOjE4MDAwMDAwMDAwMDAsInJlYWQiOjMwMDAwMDAwMDAwMCwidXBkYXRlIjoxODAwMDAwMDAwMDAwfX0=",
          "dependencies": [
            "azurerm_recovery_services_vault.rsv001",
            "azurerm_resource_group.rg1"
          ]
        }
      ]
    },
    {
      "mode": "managed",
      "type": "azurerm_backup_protected_vm",
      "name": "vm-Web-EUS2-001_bu",
      "provider": "provider[\"registry.terraform.io/hashicorp/azurerm\"]",
      "instances": [
        {
          "schema_version": 0,
          "attributes": {
            "backup_policy_id": "/subscriptions/cc865f52-45a8-4147-ae03-a8955a299490/resourceGroups/rg-eus2/providers/Microsoft.RecoveryServices/vaults/rsv-eus2/backupPolicies/bup-eus2-01",
            "exclude_disk_luns": null,
            "id": "/subscriptions/cc865f52-45a8-4147-ae03-a8955a299490/resourceGroups/rg-eus2/providers/Microsoft.RecoveryServices/vaults/rsv-eus2/backupFabrics/Azure/protectionContainers/iaasvmcontainer;iaasvmcontainerv2;rg-eus2;vm-web-eus2-01/protectedItems/VM;iaasvmcontainerv2;rg-eus2;vm-web-eus2-01",
            "include_disk_luns": null,
            "protection_state": "IRPending",
            "recovery_vault_name": "rsv-eus2",
            "resource_group_name": "rg-eus2",
            "source_vm_id": "/subscriptions/cc865f52-45a8-4147-ae03-a8955a299490/resourceGroups/rg-eus2/providers/Microsoft.Compute/virtualMachines/vm-web-eus2-01",
            "timeouts": null
          },
          "sensitive_attributes": [],
          "private": "eyJlMmJmYjczMC1lY2FhLTExZTYtOGY4OC0zNDM2M2JjN2M0YzAiOnsiY3JlYXRlIjo3MjAwMDAwMDAwMDAwLCJkZWxldGUiOjQ4MDAwMDAwMDAwMDAsInJlYWQiOjMwMDAwMDAwMDAwMCwidXBkYXRlIjo3MjAwMDAwMDAwMDAwfX0=",
          "dependencies": [
            "azurerm_backup_policy_vm.backuppolicy1",
            "azurerm_linux_virtual_machine.vm-Web-EUS2-001",
            "azurerm_network_interface.nic1",
            "azurerm_public_ip.pip1",
            "azurerm_recovery_services_vault.rsv001",
            "azurerm_resource_group.rg1",
            "azurerm_subnet.Web",
            "azurerm_virtual_network.vnet1"
          ]
        }
      ]
    },
    {
      "mode": "managed",
      "type": "azurerm_backup_protected_vm",
      "name": "vm-jump-eus2-01_bu",
      "provider": "provider[\"registry.terraform.io/hashicorp/azurerm\"]",
      "instances": [
        {
          "schema_version": 0,
          "attributes": {
            "backup_policy_id": "/subscriptions/cc865f52-45a8-4147-ae03-a8955a299490/resourceGroups/rg-eus2/providers/Microsoft.RecoveryServices/vaults/rsv-eus2/backupPolicies/bup-eus2-01",
            "exclude_disk_luns": null,
            "id": "/subscriptions/cc865f52-45a8-4147-ae03-a8955a299490/resourceGroups/rg-eus2/providers/Microsoft.RecoveryServices/vaults/rsv-eus2/backupFabrics/Azure/protectionContainers/iaasvmcontainer;iaasvmcontainerv2;rg-eus2;vm-jump-eus2-01/protectedItems/VM;iaasvmcontainerv2;rg-eus2;vm-jump-eus2-01",
            "include_disk_luns": null,
            "protection_state": "IRPending",
            "recovery_vault_name": "rsv-eus2",
            "resource_group_name": "rg-eus2",
            "source_vm_id": "/subscriptions/cc865f52-45a8-4147-ae03-a8955a299490/resourceGroups/rg-eus2/providers/Microsoft.Compute/virtualMachines/vm-jump-eus2-01",
            "timeouts": null
          },
          "sensitive_attributes": [],
          "private": "eyJlMmJmYjczMC1lY2FhLTExZTYtOGY4OC0zNDM2M2JjN2M0YzAiOnsiY3JlYXRlIjo3MjAwMDAwMDAwMDAwLCJkZWxldGUiOjQ4MDAwMDAwMDAwMDAsInJlYWQiOjMwMDAwMDAwMDAwMCwidXBkYXRlIjo3MjAwMDAwMDAwMDAwfX0=",
          "dependencies": [
            "azurerm_backup_policy_vm.backuppolicy1",
            "azurerm_network_interface.nic2",
            "azurerm_recovery_services_vault.rsv001",
            "azurerm_resource_group.rg1",
            "azurerm_subnet.Jumpbox",
            "azurerm_virtual_network.vnet1",
            "azurerm_windows_virtual_machine.vm-jump-eus2-01"
          ]
        }
      ]
    },
    {
      "mode": "managed",
      "type": "azurerm_linux_virtual_machine",
      "name": "vm-Web-EUS2-001",
      "provider": "provider[\"registry.terraform.io/hashicorp/azurerm\"]",
      "instances": [
        {
          "schema_version": 0,
          "attributes": {
            "additional_capabilities": [],
            "admin_password": "Testtest1",
            "admin_ssh_key": [],
            "admin_username": "adminev",
            "allow_extension_operations": true,
            "availability_set_id": "",
            "boot_diagnostics": [],
            "bypass_platform_safety_checks_on_user_schedule_enabled": false,
            "capacity_reservation_group_id": "",
            "computer_name": "vm-web-eus2-01",
            "custom_data": null,
            "dedicated_host_group_id": "",
            "dedicated_host_id": "",
            "disable_password_authentication": false,
            "edge_zone": "",
            "encryption_at_host_enabled": false,
            "eviction_policy": "",
            "extensions_time_budget": "PT1H30M",
            "gallery_application": [],
            "id": "/subscriptions/cc865f52-45a8-4147-ae03-a8955a299490/resourceGroups/rg-eus2/providers/Microsoft.Compute/virtualMachines/vm-web-eus2-01",
            "identity": [],
            "license_type": "",
            "location": "eastus2",
            "max_bid_price": -1,
            "name": "vm-web-eus2-01",
            "network_interface_ids": [
              "/subscriptions/cc865f52-45a8-4147-ae03-a8955a299490/resourceGroups/rg-eus2/providers/Microsoft.Network/networkInterfaces/nic-eus2-01"
            ],
            "os_disk": [
              {
                "caching": "ReadWrite",
                "diff_disk_settings": [],
                "disk_encryption_set_id": "",
                "disk_size_gb": 30,
                "name": "vm-web-eus2-01_OsDisk_1_dad8265b0229461688025aecd3acdfed",
                "secure_vm_disk_encryption_set_id": "",
                "security_encryption_type": "",
                "storage_account_type": "Standard_LRS",
                "write_accelerator_enabled": false
              }
            ],
            "patch_assessment_mode": "ImageDefault",
            "patch_mode": "ImageDefault",
            "plan": [],
            "platform_fault_domain": -1,
            "priority": "Regular",
            "private_ip_address": "10.0.0.4",
            "private_ip_addresses": [
              "10.0.0.4"
            ],
            "provision_vm_agent": true,
            "proximity_placement_group_id": "",
            "public_ip_address": "172.176.250.152",
            "public_ip_addresses": [
              "172.176.250.152"
            ],
            "reboot_setting": "",
            "resource_group_name": "rg-eus2",
            "secret": [],
            "secure_boot_enabled": false,
            "size": "Standard_B1ms",
            "source_image_id": "",
            "source_image_reference": [
              {
                "offer": "0001-com-ubuntu-server-jammy",
                "publisher": "Canonical",
                "sku": "22_04-lts-gen2",
                "version": "latest"
              }
            ],
            "tags": {
              "BU": "IT",
              "managed_by": "terraform"
            },
            "termination_notification": [],
            "timeouts": null,
            "user_data": "",
            "virtual_machine_id": "e243f9df-66fe-43e5-b2d6-a3ea5a5395b6",
            "virtual_machine_scale_set_id": "",
            "vtpm_enabled": false,
            "zone": ""
          },
          "sensitive_attributes": [],
          "private": "eyJlMmJmYjczMC1lY2FhLTExZTYtOGY4OC0zNDM2M2JjN2M0YzAiOnsiY3JlYXRlIjoyNzAwMDAwMDAwMDAwLCJkZWxldGUiOjI3MDAwMDAwMDAwMDAsInJlYWQiOjMwMDAwMDAwMDAwMCwidXBkYXRlIjoyNzAwMDAwMDAwMDAwfX0=",
          "dependencies": [
            "azurerm_network_interface.nic1",
            "azurerm_public_ip.pip1",
            "azurerm_resource_group.rg1",
            "azurerm_subnet.Web",
            "azurerm_virtual_network.vnet1"
          ]
        }
      ]
    },
    {
      "mode": "managed",
      "type": "azurerm_network_interface",
      "name": "nic1",
      "provider": "provider[\"registry.terraform.io/hashicorp/azurerm\"]",
      "instances": [
        {
          "schema_version": 0,
          "attributes": {
            "applied_dns_servers": [],
            "auxiliary_mode": "",
            "auxiliary_sku": "",
            "dns_servers": [],
            "edge_zone": "",
            "enable_accelerated_networking": false,
            "enable_ip_forwarding": false,
            "id": "/subscriptions/cc865f52-45a8-4147-ae03-a8955a299490/resourceGroups/rg-eus2/providers/Microsoft.Network/networkInterfaces/nic-eus2-01",
            "internal_dns_name_label": "",
            "internal_domain_name_suffix": "0ymaeiyu1s1udl3dmpi4jzzxxb.cx.internal.cloudapp.net",
            "ip_configuration": [
              {
                "gateway_load_balancer_frontend_ip_configuration_id": "",
                "name": "public-nic",
                "primary": true,
                "private_ip_address": "10.0.0.4",
                "private_ip_address_allocation": "Dynamic",
                "private_ip_address_version": "IPv4",
                "public_ip_address_id": "/subscriptions/cc865f52-45a8-4147-ae03-a8955a299490/resourceGroups/rg-eus2/providers/Microsoft.Network/publicIPAddresses/pip-eus2-01",
                "subnet_id": "/subscriptions/cc865f52-45a8-4147-ae03-a8955a299490/resourceGroups/rg-eus2/providers/Microsoft.Network/virtualNetworks/vnet-eus2/subnets/snet-web"
              }
            ],
            "location": "eastus2",
            "mac_address": "00-0D-3A-E6-57-A3",
            "name": "nic-eus2-01",
            "private_ip_address": "10.0.0.4",
            "private_ip_addresses": [
              "10.0.0.4"
            ],
            "resource_group_name": "rg-eus2",
            "tags": {
              "BU": "IT",
              "managed_by": "terraform"
            },
            "timeouts": null,
            "virtual_machine_id": "/subscriptions/cc865f52-45a8-4147-ae03-a8955a299490/resourceGroups/rg-eus2/providers/Microsoft.Compute/virtualMachines/vm-web-eus2-01"
          },
          "sensitive_attributes": [],
          "private": "eyJlMmJmYjczMC1lY2FhLTExZTYtOGY4OC0zNDM2M2JjN2M0YzAiOnsiY3JlYXRlIjoxODAwMDAwMDAwMDAwLCJkZWxldGUiOjE4MDAwMDAwMDAwMDAsInJlYWQiOjMwMDAwMDAwMDAwMCwidXBkYXRlIjoxODAwMDAwMDAwMDAwfX0=",
          "dependencies": [
            "azurerm_public_ip.pip1",
            "azurerm_resource_group.rg1",
            "azurerm_subnet.Web",
            "azurerm_virtual_network.vnet1"
          ]
        }
      ]
    },
    {
      "mode": "managed",
      "type": "azurerm_network_interface",
      "name": "nic2",
      "provider": "provider[\"registry.terraform.io/hashicorp/azurerm\"]",
      "instances": [
        {
          "schema_version": 0,
          "attributes": {
            "applied_dns_servers": [],
            "auxiliary_mode": "",
            "auxiliary_sku": "",
            "dns_servers": [],
            "edge_zone": "",
            "enable_accelerated_networking": false,
            "enable_ip_forwarding": false,
            "id": "/subscriptions/cc865f52-45a8-4147-ae03-a8955a299490/resourceGroups/rg-eus2/providers/Microsoft.Network/networkInterfaces/nic-eus2-02",
            "internal_dns_name_label": "",
            "internal_domain_name_suffix": "0ymaeiyu1s1udl3dmpi4jzzxxb.cx.internal.cloudapp.net",
            "ip_configuration": [
              {
                "gateway_load_balancer_frontend_ip_configuration_id": "",
                "name": "private-nic",
                "primary": true,
                "private_ip_address": "10.0.2.4",
                "private_ip_address_allocation": "Dynamic",
                "private_ip_address_version": "IPv4",
                "public_ip_address_id": "",
                "subnet_id": "/subscriptions/cc865f52-45a8-4147-ae03-a8955a299490/resourceGroups/rg-eus2/providers/Microsoft.Network/virtualNetworks/vnet-eus2/subnets/snet-jump"
              }
            ],
            "location": "eastus2",
            "mac_address": "00-0D-3A-E5-2F-94",
            "name": "nic-eus2-02",
            "private_ip_address": "10.0.2.4",
            "private_ip_addresses": [
              "10.0.2.4"
            ],
            "resource_group_name": "rg-eus2",
            "tags": {
              "BU": "IT",
              "managed_by": "terraform"
            },
            "timeouts": null,
            "virtual_machine_id": "/subscriptions/cc865f52-45a8-4147-ae03-a8955a299490/resourceGroups/rg-eus2/providers/Microsoft.Compute/virtualMachines/vm-jump-eus2-01"
          },
          "sensitive_attributes": [],
          "private": "eyJlMmJmYjczMC1lY2FhLTExZTYtOGY4OC0zNDM2M2JjN2M0YzAiOnsiY3JlYXRlIjoxODAwMDAwMDAwMDAwLCJkZWxldGUiOjE4MDAwMDAwMDAwMDAsInJlYWQiOjMwMDAwMDAwMDAwMCwidXBkYXRlIjoxODAwMDAwMDAwMDAwfX0=",
          "dependencies": [
            "azurerm_resource_group.rg1",
            "azurerm_subnet.Jumpbox",
            "azurerm_virtual_network.vnet1"
          ]
        }
      ]
    },
    {
      "mode": "managed",
      "type": "azurerm_network_interface_security_group_association",
      "name": "nsgassoc1",
      "provider": "provider[\"registry.terraform.io/hashicorp/azurerm\"]",
      "instances": [
        {
          "schema_version": 0,
          "attributes": {
            "id": "/subscriptions/cc865f52-45a8-4147-ae03-a8955a299490/resourceGroups/rg-eus2/providers/Microsoft.Network/networkInterfaces/nic-eus2-01|/subscriptions/cc865f52-45a8-4147-ae03-a8955a299490/resourceGroups/rg-eus2/providers/Microsoft.Network/networkSecurityGroups/nsg-web-eus2",
            "network_interface_id": "/subscriptions/cc865f52-45a8-4147-ae03-a8955a299490/resourceGroups/rg-eus2/providers/Microsoft.Network/networkInterfaces/nic-eus2-01",
            "network_security_group_id": "/subscriptions/cc865f52-45a8-4147-ae03-a8955a299490/resourceGroups/rg-eus2/providers/Microsoft.Network/networkSecurityGroups/nsg-web-eus2",
            "timeouts": null
          },
          "sensitive_attributes": [],
          "private": "eyJlMmJmYjczMC1lY2FhLTExZTYtOGY4OC0zNDM2M2JjN2M0YzAiOnsiY3JlYXRlIjoxODAwMDAwMDAwMDAwLCJkZWxldGUiOjE4MDAwMDAwMDAwMDAsInJlYWQiOjMwMDAwMDAwMDAwMCwidXBkYXRlIjoxODAwMDAwMDAwMDAwfX0=",
          "dependencies": [
            "azurerm_network_interface.nic1",
            "azurerm_network_security_group.nsg1",
            "azurerm_public_ip.pip1",
            "azurerm_resource_group.rg1",
            "azurerm_subnet.Web",
            "azurerm_virtual_network.vnet1"
          ]
        }
      ]
    },
    {
      "mode": "managed",
      "type": "azurerm_network_security_group",
      "name": "nsg1",
      "provider": "provider[\"registry.terraform.io/hashicorp/azurerm\"]",
      "instances": [
        {
          "schema_version": 0,
          "attributes": {
            "id": "/subscriptions/cc865f52-45a8-4147-ae03-a8955a299490/resourceGroups/rg-eus2/providers/Microsoft.Network/networkSecurityGroups/nsg-web-eus2",
            "location": "eastus2",
            "name": "nsg-web-eus2",
            "resource_group_name": "rg-eus2",
            "security_rule": [],
            "tags": {
              "BU": "IT",
              "managed_by": "terraform"
            },
            "timeouts": null
          },
          "sensitive_attributes": [],
          "private": "eyJlMmJmYjczMC1lY2FhLTExZTYtOGY4OC0zNDM2M2JjN2M0YzAiOnsiY3JlYXRlIjoxODAwMDAwMDAwMDAwLCJkZWxldGUiOjE4MDAwMDAwMDAwMDAsInJlYWQiOjMwMDAwMDAwMDAwMCwidXBkYXRlIjoxODAwMDAwMDAwMDAwfX0=",
          "dependencies": [
            "azurerm_resource_group.rg1"
          ]
        }
      ]
    },
    {
      "mode": "managed",
      "type": "azurerm_public_ip",
      "name": "pip1",
      "provider": "provider[\"registry.terraform.io/hashicorp/azurerm\"]",
      "instances": [
        {
          "schema_version": 0,
          "attributes": {
            "allocation_method": "Static",
            "ddos_protection_mode": "VirtualNetworkInherited",
            "ddos_protection_plan_id": null,
            "domain_name_label": null,
            "edge_zone": "",
            "fqdn": null,
            "id": "/subscriptions/cc865f52-45a8-4147-ae03-a8955a299490/resourceGroups/rg-eus2/providers/Microsoft.Network/publicIPAddresses/pip-eus2-01",
            "idle_timeout_in_minutes": 4,
            "ip_address": "172.176.250.152",
            "ip_tags": {},
            "ip_version": "IPv4",
            "location": "eastus2",
            "name": "pip-eus2-01",
            "public_ip_prefix_id": null,
            "resource_group_name": "rg-eus2",
            "reverse_fqdn": null,
            "sku": "Basic",
            "sku_tier": "Regional",
            "tags": {
              "BU": "IT",
              "managed_by": "terraform"
            },
            "timeouts": null,
            "zones": []
          },
          "sensitive_attributes": [],
          "private": "eyJlMmJmYjczMC1lY2FhLTExZTYtOGY4OC0zNDM2M2JjN2M0YzAiOnsiY3JlYXRlIjoxODAwMDAwMDAwMDAwLCJkZWxldGUiOjE4MDAwMDAwMDAwMDAsInJlYWQiOjMwMDAwMDAwMDAwMCwidXBkYXRlIjoxODAwMDAwMDAwMDAwfX0=",
          "dependencies": [
            "azurerm_resource_group.rg1"
          ]
        }
      ]
    },
    {
      "mode": "managed",
      "type": "azurerm_recovery_services_vault",
      "name": "rsv001",
      "provider": "provider[\"registry.terraform.io/hashicorp/azurerm\"]",
      "instances": [
        {
          "schema_version": 0,
          "attributes": {
            "classic_vmware_replication_enabled": null,
            "cross_region_restore_enabled": false,
            "encryption": [],
            "id": "/subscriptions/cc865f52-45a8-4147-ae03-a8955a299490/resourceGroups/rg-eus2/providers/Microsoft.RecoveryServices/vaults/rsv-eus2",
            "identity": [],
            "immutability": null,
            "location": "eastus2",
            "monitoring": [],
            "name": "rsv-eus2",
            "public_network_access_enabled": true,
            "resource_group_name": "rg-eus2",
            "sku": "Standard",
            "soft_delete_enabled": true,
            "storage_mode_type": "GeoRedundant",
            "tags": {
              "BU": "IT",
              "managed_by": "terraform"
            },
            "timeouts": null
          },
          "sensitive_attributes": [],
          "private": "eyJlMmJmYjczMC1lY2FhLTExZTYtOGY4OC0zNDM2M2JjN2M0YzAiOnsiY3JlYXRlIjo3MjAwMDAwMDAwMDAwLCJkZWxldGUiOjE4MDAwMDAwMDAwMDAsInJlYWQiOjMwMDAwMDAwMDAwMCwidXBkYXRlIjozNjAwMDAwMDAwMDAwfX0=",
          "dependencies": [
            "azurerm_resource_group.rg1"
          ]
        }
      ]
    },
    {
      "mode": "managed",
      "type": "azurerm_resource_group",
      "name": "rg1",
      "provider": "provider[\"registry.terraform.io/hashicorp/azurerm\"]",
      "instances": [
        {
          "schema_version": 0,
          "attributes": {
            "id": "/subscriptions/cc865f52-45a8-4147-ae03-a8955a299490/resourceGroups/rg-eus2",
            "location": "eastus2",
            "managed_by": "",
            "name": "rg-eus2",
            "tags": {
              "BU": "IT",
              "managed_by": "terraform"
            },
            "timeouts": null
          },
          "sensitive_attributes": [],
          "private": "eyJlMmJmYjczMC1lY2FhLTExZTYtOGY4OC0zNDM2M2JjN2M0YzAiOnsiY3JlYXRlIjo1NDAwMDAwMDAwMDAwLCJkZWxldGUiOjU0MDAwMDAwMDAwMDAsInJlYWQiOjMwMDAwMDAwMDAwMCwidXBkYXRlIjo1NDAwMDAwMDAwMDAwfX0="
        }
      ]
    },
    {
      "mode": "managed",
      "type": "azurerm_subnet",
      "name": "Data",
      "provider": "provider[\"registry.terraform.io/hashicorp/azurerm\"]",
      "instances": [
        {
          "schema_version": 0,
          "attributes": {
            "address_prefixes": [
              "10.0.1.0/24"
            ],
            "delegation": [],
            "enforce_private_link_endpoint_network_policies": false,
            "enforce_private_link_service_network_policies": false,
            "id": "/subscriptions/cc865f52-45a8-4147-ae03-a8955a299490/resourceGroups/rg-eus2/providers/Microsoft.Network/virtualNetworks/vnet-eus2/subnets/snet-data",
            "name": "snet-data",
            "private_endpoint_network_policies_enabled": true,
            "private_link_service_network_policies_enabled": true,
            "resource_group_name": "rg-eus2",
            "service_endpoint_policy_ids": [],
            "service_endpoints": [],
            "timeouts": null,
            "virtual_network_name": "vnet-eus2"
          },
          "sensitive_attributes": [],
          "private": "eyJlMmJmYjczMC1lY2FhLTExZTYtOGY4OC0zNDM2M2JjN2M0YzAiOnsiY3JlYXRlIjoxODAwMDAwMDAwMDAwLCJkZWxldGUiOjE4MDAwMDAwMDAwMDAsInJlYWQiOjMwMDAwMDAwMDAwMCwidXBkYXRlIjoxODAwMDAwMDAwMDAwfX0=",
          "dependencies": [
            "azurerm_resource_group.rg1",
            "azurerm_virtual_network.vnet1"
          ]
        }
      ]
    },
    {
      "mode": "managed",
      "type": "azurerm_subnet",
      "name": "Jumpbox",
      "provider": "provider[\"registry.terraform.io/hashicorp/azurerm\"]",
      "instances": [
        {
          "schema_version": 0,
          "attributes": {
            "address_prefixes": [
              "10.0.2.0/24"
            ],
            "delegation": [],
            "enforce_private_link_endpoint_network_policies": false,
            "enforce_private_link_service_network_policies": false,
            "id": "/subscriptions/cc865f52-45a8-4147-ae03-a8955a299490/resourceGroups/rg-eus2/providers/Microsoft.Network/virtualNetworks/vnet-eus2/subnets/snet-jump",
            "name": "snet-jump",
            "private_endpoint_network_policies_enabled": true,
            "private_link_service_network_policies_enabled": true,
            "resource_group_name": "rg-eus2",
            "service_endpoint_policy_ids": [],
            "service_endpoints": [],
            "timeouts": null,
            "virtual_network_name": "vnet-eus2"
          },
          "sensitive_attributes": [],
          "private": "eyJlMmJmYjczMC1lY2FhLTExZTYtOGY4OC0zNDM2M2JjN2M0YzAiOnsiY3JlYXRlIjoxODAwMDAwMDAwMDAwLCJkZWxldGUiOjE4MDAwMDAwMDAwMDAsInJlYWQiOjMwMDAwMDAwMDAwMCwidXBkYXRlIjoxODAwMDAwMDAwMDAwfX0=",
          "dependencies": [
            "azurerm_resource_group.rg1",
            "azurerm_virtual_network.vnet1"
          ]
        }
      ]
    },
    {
      "mode": "managed",
      "type": "azurerm_subnet",
      "name": "Web",
      "provider": "provider[\"registry.terraform.io/hashicorp/azurerm\"]",
      "instances": [
        {
          "schema_version": 0,
          "attributes": {
            "address_prefixes": [
              "10.0.0.0/24"
            ],
            "delegation": [],
            "enforce_private_link_endpoint_network_policies": false,
            "enforce_private_link_service_network_policies": false,
            "id": "/subscriptions/cc865f52-45a8-4147-ae03-a8955a299490/resourceGroups/rg-eus2/providers/Microsoft.Network/virtualNetworks/vnet-eus2/subnets/snet-web",
            "name": "snet-web",
            "private_endpoint_network_policies_enabled": true,
            "private_link_service_network_policies_enabled": true,
            "resource_group_name": "rg-eus2",
            "service_endpoint_policy_ids": [],
            "service_endpoints": [],
            "timeouts": null,
            "virtual_network_name": "vnet-eus2"
          },
          "sensitive_attributes": [],
          "private": "eyJlMmJmYjczMC1lY2FhLTExZTYtOGY4OC0zNDM2M2JjN2M0YzAiOnsiY3JlYXRlIjoxODAwMDAwMDAwMDAwLCJkZWxldGUiOjE4MDAwMDAwMDAwMDAsInJlYWQiOjMwMDAwMDAwMDAwMCwidXBkYXRlIjoxODAwMDAwMDAwMDAwfX0=",
          "dependencies": [
            "azurerm_resource_group.rg1",
            "azurerm_virtual_network.vnet1"
          ]
        }
      ]
    },
    {
      "mode": "managed",
      "type": "azurerm_virtual_network",
      "name": "vnet1",
      "provider": "provider[\"registry.terraform.io/hashicorp/azurerm\"]",
      "instances": [
        {
          "schema_version": 0,
          "attributes": {
            "address_space": [
              "10.0.0.0/16"
            ],
            "bgp_community": "",
            "ddos_protection_plan": [],
            "dns_servers": [],
            "edge_zone": "",
            "encryption": [],
            "flow_timeout_in_minutes": 0,
            "guid": "230218d6-dc14-41b7-afa3-63d1e4e737b9",
            "id": "/subscriptions/cc865f52-45a8-4147-ae03-a8955a299490/resourceGroups/rg-eus2/providers/Microsoft.Network/virtualNetworks/vnet-eus2",
            "location": "eastus2",
            "name": "vnet-eus2",
            "resource_group_name": "rg-eus2",
            "subnet": [
              {
                "address_prefix": "10.0.0.0/24",
                "id": "/subscriptions/cc865f52-45a8-4147-ae03-a8955a299490/resourceGroups/rg-eus2/providers/Microsoft.Network/virtualNetworks/vnet-eus2/subnets/snet-web",
                "name": "snet-web",
                "security_group": ""
              },
              {
                "address_prefix": "10.0.1.0/24",
                "id": "/subscriptions/cc865f52-45a8-4147-ae03-a8955a299490/resourceGroups/rg-eus2/providers/Microsoft.Network/virtualNetworks/vnet-eus2/subnets/snet-data",
                "name": "snet-data",
                "security_group": ""
              },
              {
                "address_prefix": "10.0.2.0/24",
                "id": "/subscriptions/cc865f52-45a8-4147-ae03-a8955a299490/resourceGroups/rg-eus2/providers/Microsoft.Network/virtualNetworks/vnet-eus2/subnets/snet-jump",
                "name": "snet-jump",
                "security_group": ""
              }
            ],
            "tags": {
              "BU": "IT",
              "managed_by": "terraform"
            },
            "timeouts": null
          },
          "sensitive_attributes": [],
          "private": "eyJlMmJmYjczMC1lY2FhLTExZTYtOGY4OC0zNDM2M2JjN2M0YzAiOnsiY3JlYXRlIjoxODAwMDAwMDAwMDAwLCJkZWxldGUiOjE4MDAwMDAwMDAwMDAsInJlYWQiOjMwMDAwMDAwMDAwMCwidXBkYXRlIjoxODAwMDAwMDAwMDAwfX0=",
          "dependencies": [
            "azurerm_resource_group.rg1"
          ]
        }
      ]
    },
    {
      "mode": "managed",
      "type": "azurerm_windows_virtual_machine",
      "name": "vm-jump-eus2-01",
      "provider": "provider[\"registry.terraform.io/hashicorp/azurerm\"]",
      "instances": [
        {
          "schema_version": 0,
          "attributes": {
            "additional_capabilities": [],
            "additional_unattend_content": [],
            "admin_password": "Testtest1",
            "admin_username": "adminev",
            "allow_extension_operations": true,
            "availability_set_id": "",
            "boot_diagnostics": [],
            "bypass_platform_safety_checks_on_user_schedule_enabled": false,
            "capacity_reservation_group_id": "",
            "computer_name": "vm-jump-eus2-01",
            "custom_data": null,
            "dedicated_host_group_id": "",
            "dedicated_host_id": "",
            "edge_zone": "",
            "enable_automatic_updates": true,
            "encryption_at_host_enabled": false,
            "eviction_policy": "",
            "extensions_time_budget": "PT1H30M",
            "gallery_application": [],
            "hotpatching_enabled": false,
            "id": "/subscriptions/cc865f52-45a8-4147-ae03-a8955a299490/resourceGroups/rg-eus2/providers/Microsoft.Compute/virtualMachines/vm-jump-eus2-01",
            "identity": [],
            "license_type": "",
            "location": "eastus2",
            "max_bid_price": -1,
            "name": "vm-jump-eus2-01",
            "network_interface_ids": [
              "/subscriptions/cc865f52-45a8-4147-ae03-a8955a299490/resourceGroups/rg-eus2/providers/Microsoft.Network/networkInterfaces/nic-eus2-02"
            ],
            "os_disk": [
              {
                "caching": "ReadWrite",
                "diff_disk_settings": [],
                "disk_encryption_set_id": "",
                "disk_size_gb": 127,
                "name": "vm-jump-eus2-01_OsDisk_1_b126f059dc764d2c8919580c4e017688",
                "secure_vm_disk_encryption_set_id": "",
                "security_encryption_type": "",
                "storage_account_type": "Standard_LRS",
                "write_accelerator_enabled": false
              }
            ],
            "patch_assessment_mode": "ImageDefault",
            "patch_mode": "AutomaticByOS",
            "plan": [],
            "platform_fault_domain": -1,
            "priority": "Regular",
            "private_ip_address": "10.0.2.4",
            "private_ip_addresses": [
              "10.0.2.4"
            ],
            "provision_vm_agent": true,
            "proximity_placement_group_id": "",
            "public_ip_address": "",
            "public_ip_addresses": [],
            "reboot_setting": "",
            "resource_group_name": "rg-eus2",
            "secret": [],
            "secure_boot_enabled": false,
            "size": "Standard_B1ms",
            "source_image_id": "",
            "source_image_reference": [
              {
                "offer": "WindowsServer",
                "publisher": "MicrosoftWindowsServer",
                "sku": "2019-Datacenter",
                "version": "latest"
              }
            ],
            "tags": {
              "BU": "IT",
              "managed_by": "terraform"
            },
            "termination_notification": [],
            "timeouts": null,
            "timezone": "",
            "user_data": "",
            "virtual_machine_id": "08eae976-295d-4a4f-b040-7cd511996b35",
            "virtual_machine_scale_set_id": "",
            "vtpm_enabled": false,
            "winrm_listener": [],
            "zone": ""
          },
          "sensitive_attributes": [],
          "private": "eyJlMmJmYjczMC1lY2FhLTExZTYtOGY4OC0zNDM2M2JjN2M0YzAiOnsiY3JlYXRlIjoyNzAwMDAwMDAwMDAwLCJkZWxldGUiOjI3MDAwMDAwMDAwMDAsInJlYWQiOjMwMDAwMDAwMDAwMCwidXBkYXRlIjoyNzAwMDAwMDAwMDAwfX0=",
          "dependencies": [
            "azurerm_network_interface.nic2",
            "azurerm_resource_group.rg1",
            "azurerm_subnet.Jumpbox",
            "azurerm_virtual_network.vnet1"
          ]
        }
      ]
    }
  ],
  "check_results": null
}
